// !$*UTF8*$!
{
	archiveVersion = 1;
	classes = {
	};
	objectVersion = 50;
	objects = {

/* Begin PBXBuildFile section */
		DB57C0BA26656F5200BD62AC /* TabBarController.swift in Sources */ = {isa = PBXBuildFile; fileRef = DB57C0B926656F5200BD62AC /* TabBarController.swift */; };
		DB57C0BF2665708A00BD62AC /* DiffableVC.swift in Sources */ = {isa = PBXBuildFile; fileRef = DB57C0BE2665708A00BD62AC /* DiffableVC.swift */; };
		DB57C0C62665BBBB00BD62AC /* CollectionVC.swift in Sources */ = {isa = PBXBuildFile; fileRef = DB57C0C52665BBBB00BD62AC /* CollectionVC.swift */; };
		DB57C0C92665BF9100BD62AC /* CollectionViewCell.swift in Sources */ = {isa = PBXBuildFile; fileRef = DB57C0C82665BF9100BD62AC /* CollectionViewCell.swift */; };
		DB5D20B3266EEE3800E12EE1 /* FavoritesVC.swift in Sources */ = {isa = PBXBuildFile; fileRef = DB5D20B2266EEE3800E12EE1 /* FavoritesVC.swift */; };
		DB7F1603265DCE7E00063AB0 /* AppDelegate.swift in Sources */ = {isa = PBXBuildFile; fileRef = DB7F1602265DCE7E00063AB0 /* AppDelegate.swift */; };
		DB7F1605265DCE7E00063AB0 /* SceneDelegate.swift in Sources */ = {isa = PBXBuildFile; fileRef = DB7F1604265DCE7E00063AB0 /* SceneDelegate.swift */; };
		DB7F1607265DCE7E00063AB0 /* CommonVC.swift in Sources */ = {isa = PBXBuildFile; fileRef = DB7F1606265DCE7E00063AB0 /* CommonVC.swift */; };
		DB7F160C265DCE8100063AB0 /* Assets.xcassets in Resources */ = {isa = PBXBuildFile; fileRef = DB7F160B265DCE8100063AB0 /* Assets.xcassets */; };
		DB7F160F265DCE8100063AB0 /* LaunchScreen.storyboard in Resources */ = {isa = PBXBuildFile; fileRef = DB7F160D265DCE8100063AB0 /* LaunchScreen.storyboard */; };
		DB7F1618265DCED000063AB0 /* NetworkManager.swift in Sources */ = {isa = PBXBuildFile; fileRef = DB7F1617265DCED000063AB0 /* NetworkManager.swift */; };
		DB7F161B265DD0E300063AB0 /* Movie.swift in Sources */ = {isa = PBXBuildFile; fileRef = DB7F161A265DD0E300063AB0 /* Movie.swift */; };
		DB7F16202660740B00063AB0 /* CustomTableViewCell.swift in Sources */ = {isa = PBXBuildFile; fileRef = DB7F161F2660740B00063AB0 /* CustomTableViewCell.swift */; };
/* End PBXBuildFile section */

/* Begin PBXFileReference section */
		DB57C0B926656F5200BD62AC /* TabBarController.swift */ = {isa = PBXFileReference; lastKnownFileType = sourcecode.swift; path = TabBarController.swift; sourceTree = "<group>"; };
		DB57C0BE2665708A00BD62AC /* DiffableVC.swift */ = {isa = PBXFileReference; lastKnownFileType = sourcecode.swift; path = DiffableVC.swift; sourceTree = "<group>"; };
		DB57C0C52665BBBB00BD62AC /* CollectionVC.swift */ = {isa = PBXFileReference; lastKnownFileType = sourcecode.swift; path = CollectionVC.swift; sourceTree = "<group>"; };
		DB57C0C82665BF9100BD62AC /* CollectionViewCell.swift */ = {isa = PBXFileReference; lastKnownFileType = sourcecode.swift; path = CollectionViewCell.swift; sourceTree = "<group>"; };
		DB5D20B2266EEE3800E12EE1 /* FavoritesVC.swift */ = {isa = PBXFileReference; lastKnownFileType = sourcecode.swift; path = FavoritesVC.swift; sourceTree = "<group>"; };
		DB7F15FF265DCE7E00063AB0 /* iOS_WatchedMovies.app */ = {isa = PBXFileReference; explicitFileType = wrapper.application; includeInIndex = 0; path = iOS_WatchedMovies.app; sourceTree = BUILT_PRODUCTS_DIR; };
		DB7F1602265DCE7E00063AB0 /* AppDelegate.swift */ = {isa = PBXFileReference; lastKnownFileType = sourcecode.swift; path = AppDelegate.swift; sourceTree = "<group>"; };
		DB7F1604265DCE7E00063AB0 /* SceneDelegate.swift */ = {isa = PBXFileReference; lastKnownFileType = sourcecode.swift; path = SceneDelegate.swift; sourceTree = "<group>"; };
		DB7F1606265DCE7E00063AB0 /* CommonVC.swift */ = {isa = PBXFileReference; lastKnownFileType = sourcecode.swift; path = CommonVC.swift; sourceTree = "<group>"; };
		DB7F160B265DCE8100063AB0 /* Assets.xcassets */ = {isa = PBXFileReference; lastKnownFileType = folder.assetcatalog; path = Assets.xcassets; sourceTree = "<group>"; };
		DB7F160E265DCE8100063AB0 /* Base */ = {isa = PBXFileReference; lastKnownFileType = file.storyboard; name = Base; path = Base.lproj/LaunchScreen.storyboard; sourceTree = "<group>"; };
		DB7F1610265DCE8100063AB0 /* Info.plist */ = {isa = PBXFileReference; lastKnownFileType = text.plist.xml; path = Info.plist; sourceTree = "<group>"; };
		DB7F1617265DCED000063AB0 /* NetworkManager.swift */ = {isa = PBXFileReference; lastKnownFileType = sourcecode.swift; path = NetworkManager.swift; sourceTree = "<group>"; };
		DB7F161A265DD0E300063AB0 /* Movie.swift */ = {isa = PBXFileReference; lastKnownFileType = sourcecode.swift; path = Movie.swift; sourceTree = "<group>"; };
		DB7F161F2660740B00063AB0 /* CustomTableViewCell.swift */ = {isa = PBXFileReference; lastKnownFileType = sourcecode.swift; path = CustomTableViewCell.swift; sourceTree = "<group>"; };
/* End PBXFileReference section */

/* Begin PBXFrameworksBuildPhase section */
		DB7F15FC265DCE7E00063AB0 /* Frameworks */ = {
			isa = PBXFrameworksBuildPhase;
			buildActionMask = 2147483647;
			files = (
			);
			runOnlyForDeploymentPostprocessing = 0;
		};
/* End PBXFrameworksBuildPhase section */

/* Begin PBXGroup section */
		DB57C0B726656ECE00BD62AC /* Custom Views */ = {
			isa = PBXGroup;
			children = (
				DB57C0C42665BB1200BD62AC /* Cells */,
				DB57C0B826656EF100BD62AC /* Tab Controllers */,
			);
			path = "Custom Views";
			sourceTree = "<group>";
		};
		DB57C0B826656EF100BD62AC /* Tab Controllers */ = {
			isa = PBXGroup;
			children = (
				DB57C0B926656F5200BD62AC /* TabBarController.swift */,
			);
			path = "Tab Controllers";
			sourceTree = "<group>";
		};
		DB57C0BD2665705800BD62AC /* Screens */ = {
			isa = PBXGroup;
			children = (
				DB7F1606265DCE7E00063AB0 /* CommonVC.swift */,
				DB57C0BE2665708A00BD62AC /* DiffableVC.swift */,
				DB57C0C52665BBBB00BD62AC /* CollectionVC.swift */,
				DB5D20B2266EEE3800E12EE1 /* FavoritesVC.swift */,
			);
			path = Screens;
			sourceTree = "<group>";
		};
		DB57C0C22665BA9200BD62AC /* Managers */ = {
			isa = PBXGroup;
			children = (
				DB7F1617265DCED000063AB0 /* NetworkManager.swift */,
			);
			path = Managers;
			sourceTree = "<group>";
		};
		DB57C0C32665BAAB00BD62AC /* Model */ = {
			isa = PBXGroup;
			children = (
				DB7F161A265DD0E300063AB0 /* Movie.swift */,
			);
			path = Model;
			sourceTree = "<group>";
		};
		DB57C0C42665BB1200BD62AC /* Cells */ = {
			isa = PBXGroup;
			children = (
				DB7F161F2660740B00063AB0 /* CustomTableViewCell.swift */,
				DB57C0C82665BF9100BD62AC /* CollectionViewCell.swift */,
			);
			path = Cells;
			sourceTree = "<group>";
		};
		DB7F15F6265DCE7E00063AB0 = {
			isa = PBXGroup;
			children = (
				DB7F1601265DCE7E00063AB0 /* iOS_WatchedMovies */,
				DB7F1600265DCE7E00063AB0 /* Products */,
			);
			sourceTree = "<group>";
		};
		DB7F1600265DCE7E00063AB0 /* Products */ = {
			isa = PBXGroup;
			children = (
				DB7F15FF265DCE7E00063AB0 /* iOS_WatchedMovies.app */,
			);
			name = Products;
			sourceTree = "<group>";
		};
		DB7F1601265DCE7E00063AB0 /* iOS_WatchedMovies */ = {
			isa = PBXGroup;
			children = (
				DB57C0C32665BAAB00BD62AC /* Model */,
				DB57C0C22665BA9200BD62AC /* Managers */,
				DB57C0BD2665705800BD62AC /* Screens */,
				DB57C0B726656ECE00BD62AC /* Custom Views */,
				DB7F1602265DCE7E00063AB0 /* AppDelegate.swift */,
				DB7F1604265DCE7E00063AB0 /* SceneDelegate.swift */,
				DB7F160B265DCE8100063AB0 /* Assets.xcassets */,
				DB7F160D265DCE8100063AB0 /* LaunchScreen.storyboard */,
				DB7F1610265DCE8100063AB0 /* Info.plist */,
			);
			path = iOS_WatchedMovies;
			sourceTree = "<group>";
		};
/* End PBXGroup section */

/* Begin PBXNativeTarget section */
		DB7F15FE265DCE7E00063AB0 /* iOS_WatchedMovies */ = {
			isa = PBXNativeTarget;
			buildConfigurationList = DB7F1613265DCE8100063AB0 /* Build configuration list for PBXNativeTarget "iOS_WatchedMovies" */;
			buildPhases = (
				DB7F15FB265DCE7E00063AB0 /* Sources */,
				DB7F15FC265DCE7E00063AB0 /* Frameworks */,
				DB7F15FD265DCE7E00063AB0 /* Resources */,
			);
			buildRules = (
			);
			dependencies = (
			);
			name = iOS_WatchedMovies;
			productName = iOS_WatchedMovies;
			productReference = DB7F15FF265DCE7E00063AB0 /* iOS_WatchedMovies.app */;
			productType = "com.apple.product-type.application";
		};
/* End PBXNativeTarget section */

/* Begin PBXProject section */
		DB7F15F7265DCE7E00063AB0 /* Project object */ = {
			isa = PBXProject;
			attributes = {
				LastSwiftUpdateCheck = 1240;
				LastUpgradeCheck = 1240;
				TargetAttributes = {
					DB7F15FE265DCE7E00063AB0 = {
						CreatedOnToolsVersion = 12.4;
					};
				};
			};
			buildConfigurationList = DB7F15FA265DCE7E00063AB0 /* Build configuration list for PBXProject "iOS_WatchedMovies" */;
			compatibilityVersion = "Xcode 9.3";
			developmentRegion = en;
			hasScannedForEncodings = 0;
			knownRegions = (
				en,
				Base,
			);
			mainGroup = DB7F15F6265DCE7E00063AB0;
			productRefGroup = DB7F1600265DCE7E00063AB0 /* Products */;
			projectDirPath = "";
			projectRoot = "";
			targets = (
				DB7F15FE265DCE7E00063AB0 /* iOS_WatchedMovies */,
			);
		};
/* End PBXProject section */

/* Begin PBXResourcesBuildPhase section */
		DB7F15FD265DCE7E00063AB0 /* Resources */ = {
			isa = PBXResourcesBuildPhase;
			buildActionMask = 2147483647;
			files = (
				DB7F160F265DCE8100063AB0 /* LaunchScreen.storyboard in Resources */,
				DB7F160C265DCE8100063AB0 /* Assets.xcassets in Resources */,
			);
			runOnlyForDeploymentPostprocessing = 0;
		};
/* End PBXResourcesBuildPhase section */

/* Begin PBXSourcesBuildPhase section */
		DB7F15FB265DCE7E00063AB0 /* Sources */ = {
			isa = PBXSourcesBuildPhase;
			buildActionMask = 2147483647;
			files = (
				DB5D20B3266EEE3800E12EE1 /* FavoritesVC.swift in Sources */,
				DB57C0C92665BF9100BD62AC /* CollectionViewCell.swift in Sources */,
				DB7F16202660740B00063AB0 /* CustomTableViewCell.swift in Sources */,
				DB57C0C62665BBBB00BD62AC /* CollectionVC.swift in Sources */,
				DB57C0BF2665708A00BD62AC /* DiffableVC.swift in Sources */,
				DB7F1618265DCED000063AB0 /* NetworkManager.swift in Sources */,
				DB7F1607265DCE7E00063AB0 /* CommonVC.swift in Sources */,
				DB7F1603265DCE7E00063AB0 /* AppDelegate.swift in Sources */,
				DB57C0BA26656F5200BD62AC /* TabBarController.swift in Sources */,
				DB7F1605265DCE7E00063AB0 /* SceneDelegate.swift in Sources */,
				DB7F161B265DD0E300063AB0 /* Movie.swift in Sources */,
			);
			runOnlyForDeploymentPostprocessing = 0;
		};
/* End PBXSourcesBuildPhase section */

/* Begin PBXVariantGroup section */
		DB7F160D265DCE8100063AB0 /* LaunchScreen.storyboard */ = {
			isa = PBXVariantGroup;
			children = (
				DB7F160E265DCE8100063AB0 /* Base */,
			);
			name = LaunchScreen.storyboard;
			sourceTree = "<group>";
		};
/* End PBXVariantGroup section */

/* Begin XCBuildConfiguration section */
		DB7F1611265DCE8100063AB0 /* Debug */ = {
			isa = XCBuildConfiguration;
			buildSettings = {
				ALWAYS_SEARCH_USER_PATHS = NO;
				CLANG_ANALYZER_NONNULL = YES;
				CLANG_ANALYZER_NUMBER_OBJECT_CONVERSION = YES_AGGRESSIVE;
				CLANG_CXX_LANGUAGE_STANDARD = "gnu++14";
				CLANG_CXX_LIBRARY = "libc++";
				CLANG_ENABLE_MODULES = YES;
				CLANG_ENABLE_OBJC_ARC = YES;
				CLANG_ENABLE_OBJC_WEAK = YES;
				CLANG_WARN_BLOCK_CAPTURE_AUTORELEASING = YES;
				CLANG_WARN_BOOL_CONVERSION = YES;
				CLANG_WARN_COMMA = YES;
				CLANG_WARN_CONSTANT_CONVERSION = YES;
				CLANG_WARN_DEPRECATED_OBJC_IMPLEMENTATIONS = YES;
				CLANG_WARN_DIRECT_OBJC_ISA_USAGE = YES_ERROR;
				CLANG_WARN_DOCUMENTATION_COMMENTS = YES;
				CLANG_WARN_EMPTY_BODY = YES;
				CLANG_WARN_ENUM_CONVERSION = YES;
				CLANG_WARN_INFINITE_RECURSION = YES;
				CLANG_WARN_INT_CONVERSION = YES;
				CLANG_WARN_NON_LITERAL_NULL_CONVERSION = YES;
				CLANG_WARN_OBJC_IMPLICIT_RETAIN_SELF = YES;
				CLANG_WARN_OBJC_LITERAL_CONVERSION = YES;
				CLANG_WARN_OBJC_ROOT_CLASS = YES_ERROR;
				CLANG_WARN_QUOTED_INCLUDE_IN_FRAMEWORK_HEADER = YES;
				CLANG_WARN_RANGE_LOOP_ANALYSIS = YES;
				CLANG_WARN_STRICT_PROTOTYPES = YES;
				CLANG_WARN_SUSPICIOUS_MOVE = YES;
				CLANG_WARN_UNGUARDED_AVAILABILITY = YES_AGGRESSIVE;
				CLANG_WARN_UNREACHABLE_CODE = YES;
				CLANG_WARN__DUPLICATE_METHOD_MATCH = YES;
				COPY_PHASE_STRIP = NO;
				DEBUG_INFORMATION_FORMAT = dwarf;
				ENABLE_STRICT_OBJC_MSGSEND = YES;
				ENABLE_TESTABILITY = YES;
				GCC_C_LANGUAGE_STANDARD = gnu11;
				GCC_DYNAMIC_NO_PIC = NO;
				GCC_NO_COMMON_BLOCKS = YES;
				GCC_OPTIMIZATION_LEVEL = 0;
				GCC_PREPROCESSOR_DEFINITIONS = (
					"DEBUG=1",
					"$(inherited)",
				);
				GCC_WARN_64_TO_32_BIT_CONVERSION = YES;
				GCC_WARN_ABOUT_RETURN_TYPE = YES_ERROR;
				GCC_WARN_UNDECLARED_SELECTOR = YES;
				GCC_WARN_UNINITIALIZED_AUTOS = YES_AGGRESSIVE;
				GCC_WARN_UNUSED_FUNCTION = YES;
				GCC_WARN_UNUSED_VARIABLE = YES;
				IPHONEOS_DEPLOYMENT_TARGET = 14.4;
				MTL_ENABLE_DEBUG_INFO = INCLUDE_SOURCE;
				MTL_FAST_MATH = YES;
				ONLY_ACTIVE_ARCH = YES;
				SDKROOT = iphoneos;
				SWIFT_ACTIVE_COMPILATION_CONDITIONS = DEBUG;
				SWIFT_OPTIMIZATION_LEVEL = "-Onone";
			};
			name = Debug;
		};
		DB7F1612265DCE8100063AB0 /* Release */ = {
			isa = XCBuildConfiguration;
			buildSettings = {
				ALWAYS_SEARCH_USER_PATHS = NO;
				CLANG_ANALYZER_NONNULL = YES;
				CLANG_ANALYZER_NUMBER_OBJECT_CONVERSION = YES_AGGRESSIVE;
				CLANG_CXX_LANGUAGE_STANDARD = "gnu++14";
				CLANG_CXX_LIBRARY = "libc++";
				CLANG_ENABLE_MODULES = YES;
				CLANG_ENABLE_OBJC_ARC = YES;
				CLANG_ENABLE_OBJC_WEAK = YES;
				CLANG_WARN_BLOCK_CAPTURE_AUTORELEASING = YES;
				CLANG_WARN_BOOL_CONVERSION = YES;
				CLANG_WARN_COMMA = YES;
				CLANG_WARN_CONSTANT_CONVERSION = YES;
				CLANG_WARN_DEPRECATED_OBJC_IMPLEMENTATIONS = YES;
				CLANG_WARN_DIRECT_OBJC_ISA_USAGE = YES_ERROR;
				CLANG_WARN_DOCUMENTATION_COMMENTS = YES;
				CLANG_WARN_EMPTY_BODY = YES;
				CLANG_WARN_ENUM_CONVERSION = YES;
				CLANG_WARN_INFINITE_RECURSION = YES;
				CLANG_WARN_INT_CONVERSION = YES;
				CLANG_WARN_NON_LITERAL_NULL_CONVERSION = YES;
				CLANG_WARN_OBJC_IMPLICIT_RETAIN_SELF = YES;
				CLANG_WARN_OBJC_LITERAL_CONVERSION = YES;
				CLANG_WARN_OBJC_ROOT_CLASS = YES_ERROR;
				CLANG_WARN_QUOTED_INCLUDE_IN_FRAMEWORK_HEADER = YES;
				CLANG_WARN_RANGE_LOOP_ANALYSIS = YES;
				CLANG_WARN_STRICT_PROTOTYPES = YES;
				CLANG_WARN_SUSPICIOUS_MOVE = YES;
				CLANG_WARN_UNGUARDED_AVAILABILITY = YES_AGGRESSIVE;
				CLANG_WARN_UNREACHABLE_CODE = YES;
				CLANG_WARN__DUPLICATE_METHOD_MATCH = YES;
				COPY_PHASE_STRIP = NO;
				DEBUG_INFORMATION_FORMAT = "dwarf-with-dsym";
				ENABLE_NS_ASSERTIONS = NO;
				ENABLE_STRICT_OBJC_MSGSEND = YES;
				GCC_C_LANGUAGE_STANDARD = gnu11;
				GCC_NO_COMMON_BLOCKS = YES;
				GCC_WARN_64_TO_32_BIT_CONVERSION = YES;
				GCC_WARN_ABOUT_RETURN_TYPE = YES_ERROR;
				GCC_WARN_UNDECLARED_SELECTOR = YES;
				GCC_WARN_UNINITIALIZED_AUTOS = YES_AGGRESSIVE;
				GCC_WARN_UNUSED_FUNCTION = YES;
				GCC_WARN_UNUSED_VARIABLE = YES;
				IPHONEOS_DEPLOYMENT_TARGET = 14.4;
				MTL_ENABLE_DEBUG_INFO = NO;
				MTL_FAST_MATH = YES;
				SDKROOT = iphoneos;
				SWIFT_COMPILATION_MODE = wholemodule;
				SWIFT_OPTIMIZATION_LEVEL = "-O";
				VALIDATE_PRODUCT = YES;
			};
			name = Release;
		};
		DB7F1614265DCE8100063AB0 /* Debug */ = {
			isa = XCBuildConfiguration;
			buildSettings = {
				ASSETCATALOG_COMPILER_APPICON_NAME = AppIcon;
				ASSETCATALOG_COMPILER_GLOBAL_ACCENT_COLOR_NAME = AccentColor;
				CODE_SIGN_STYLE = Automatic;
				DEVELOPMENT_TEAM = G3B2ACWEFM;
				INFOPLIST_FILE = iOS_WatchedMovies/Info.plist;
				LD_RUNPATH_SEARCH_PATHS = (
					"$(inherited)",
					"@executable_path/Frameworks",
				);
				PRODUCT_BUNDLE_IDENTIFIER = "com.alquimia.iOS-WatchedMovies";
				PRODUCT_NAME = "$(TARGET_NAME)";
				SWIFT_VERSION = 5.0;
				TARGETED_DEVICE_FAMILY = "1,2";
			};
			name = Debug;
		};
		DB7F1615265DCE8100063AB0 /* Release */ = {
			isa = XCBuildConfiguration;
			buildSettings = {
				ASSETCATALOG_COMPILER_APPICON_NAME = AppIcon;
				ASSETCATALOG_COMPILER_GLOBAL_ACCENT_COLOR_NAME = AccentColor;
				CODE_SIGN_STYLE = Automatic;
				DEVELOPMENT_TEAM = G3B2ACWEFM;
				INFOPLIST_FILE = iOS_WatchedMovies/Info.plist;
				LD_RUNPATH_SEARCH_PATHS = (
					"$(inherited)",
					"@executable_path/Frameworks",
				);
				PRODUCT_BUNDLE_IDENTIFIER = "com.alquimia.iOS-WatchedMovies";
				PRODUCT_NAME = "$(TARGET_NAME)";
				SWIFT_VERSION = 5.0;
				TARGETED_DEVICE_FAMILY = "1,2";
			};
			name = Release;
		};
/* End XCBuildConfiguration section */

/* Begin XCConfigurationList section */
		DB7F15FA265DCE7E00063AB0 /* Build configuration list for PBXProject "iOS_WatchedMovies" */ = {
			isa = XCConfigurationList;
			buildConfigurations = (
				DB7F1611265DCE8100063AB0 /* Debug */,
				DB7F1612265DCE8100063AB0 /* Release */,
			);
			defaultConfigurationIsVisible = 0;
			defaultConfigurationName = Release;
		};
		DB7F1613265DCE8100063AB0 /* Build configuration list for PBXNativeTarget "iOS_WatchedMovies" */ = {
			isa = XCConfigurationList;
			buildConfigurations = (
				DB7F1614265DCE8100063AB0 /* Debug */,
				DB7F1615265DCE8100063AB0 /* Release */,
			);
			defaultConfigurationIsVisible = 0;
			defaultConfigurationName = Release;
		};
/* End XCConfigurationList section */
	};
	rootObject = DB7F15F7265DCE7E00063AB0 /* Project object */;
}
